
Microsoft Visual Studio Solution File, Format Version 12.00
# Visual Studio Version 17
VisualStudioVersion = 17.10.35013.160
MinimumVisualStudioVersion = 10.0.40219.1
Project("{FAE04EC0-301F-11D3-BF4B-00C04F79EFBC}") = "Trabalho Animal!", "Trabalho Animal!\Trabalho Animal!.csproj", "{4C786F30-4FA6-4340-8054-C27B2906BBCC}"
EndProject
Global
	GlobalSection(SolutionConfigurationPlatforms) = preSolution
		Debug|Any CPU = Debug|Any CPU
		Release|Any CPU = Release|Any CPU
	EndGlobalSection
	GlobalSection(ProjectConfigurationPlatforms) = postSolution
		{4C786F30-4FA6-4340-8054-C27B2906BBCC}.Debug|Any CPU.ActiveCfg = Debug|Any CPU
		{4C786F30-4FA6-4340-8054-C27B2906BBCC}.Debug|Any CPU.Build.0 = Debug|Any CPU
		{4C786F30-4FA6-4340-8054-C27B2906BBCC}.Release|Any CPU.ActiveCfg = Release|Any CPU
		{4C786F30-4FA6-4340-8054-C27B2906BBCC}.Release|Any CPU.Build.0 = Release|Any CPU
	EndGlobalSection
	GlobalSection(SolutionProperties) = preSolution
		HideSolutionNode = FALSE
	EndGlobalSection
	GlobalSection(ExtensibilityGlobals) = postSolution
		SolutionGuid = {43A15177-820F-4A9D-94B5-AD72A1961D73}
	EndGlobalSection
EndGlobal
